// !$*UTF8*$!
{
	archiveVersion = 1;
	classes = {
	};
	objectVersion = 46;
	objects = {

/* Begin PBXBuildFile section */
		C235B5781F41F65300C44779 /* main.cpp in Sources */ = {isa = PBXBuildFile; fileRef = C235B56C1F41F65300C44779 /* main.cpp */; };
		C235B5791F41F65300C44779 /* README.md in Sources */ = {isa = PBXBuildFile; fileRef = C235B56D1F41F65300C44779 /* README.md */; };
/* End PBXBuildFile section */

/* Begin PBXCopyFilesBuildPhase section */
		C24CDF0C1F07B62C005CE82E /* CopyFiles */ = {
			isa = PBXCopyFilesBuildPhase;
			buildActionMask = 2147483647;
			dstPath = /usr/share/man/man1/;
			dstSubfolderSpec = 0;
			files = (
			);
			runOnlyForDeploymentPostprocessing = 1;
		};
/* End PBXCopyFilesBuildPhase section */

/* Begin PBXFileReference section */
		2F0BFD7A21C25F1E0001AC57 /* EiRas */ = {isa = PBXFileReference; lastKnownFileType = folder; path = EiRas; sourceTree = "<group>"; };
		C235B5691F41F65300C44779 /* 02180049.jpg */ = {isa = PBXFileReference; lastKnownFileType = image.jpeg; path = 02180049.jpg; sourceTree = "<group>"; };
		C235B56A1F41F65300C44779 /* Ei.png */ = {isa = PBXFileReference; lastKnownFileType = image.png; path = Ei.png; sourceTree = "<group>"; };
		C235B56B1F41F65300C44779 /* RT.bmp */ = {isa = PBXFileReference; lastKnownFileType = image.bmp; path = RT.bmp; sourceTree = "<group>"; };
		C235B56C1F41F65300C44779 /* main.cpp */ = {isa = PBXFileReference; fileEncoding = 4; lastKnownFileType = sourcecode.cpp.cpp; path = main.cpp; sourceTree = "<group>"; };
		C235B56D1F41F65300C44779 /* README.md */ = {isa = PBXFileReference; fileEncoding = 4; lastKnownFileType = net.daringfireball.markdown; path = README.md; sourceTree = "<group>"; };
		C24CDF0E1F07B62C005CE82E /* EvililluminationRas */ = {isa = PBXFileReference; explicitFileType = "compiled.mach-o.executable"; includeInIndex = 0; path = EvililluminationRas; sourceTree = BUILT_PRODUCTS_DIR; };
/* End PBXFileReference section */

/* Begin PBXFrameworksBuildPhase section */
		C24CDF0B1F07B62C005CE82E /* Frameworks */ = {
			isa = PBXFrameworksBuildPhase;
			buildActionMask = 2147483647;
			files = (
			);
			runOnlyForDeploymentPostprocessing = 0;
		};
/* End PBXFrameworksBuildPhase section */

/* Begin PBXGroup section */
		C235B5681F41F65300C44779 /* img */ = {
			isa = PBXGroup;
			children = (
				C235B5691F41F65300C44779 /* 02180049.jpg */,
				C235B56A1F41F65300C44779 /* Ei.png */,
				C235B56B1F41F65300C44779 /* RT.bmp */,
			);
			path = img;
			sourceTree = "<group>";
		};
		C24CDF051F07B62C005CE82E = {
			isa = PBXGroup;
			children = (
				2F0BFD7A21C25F1E0001AC57 /* EiRas */,
				C235B56D1F41F65300C44779 /* README.md */,
				C235B56C1F41F65300C44779 /* main.cpp */,
				C235B5681F41F65300C44779 /* img */,
				C24CDF0F1F07B62C005CE82E /* Products */,
			);
			sourceTree = "<group>";
		};
		C24CDF0F1F07B62C005CE82E /* Products */ = {
			isa = PBXGroup;
			children = (
				C24CDF0E1F07B62C005CE82E /* EvililluminationRas */,
			);
			name = Products;
			sourceTree = "<group>";
		};
/* End PBXGroup section */

/* Begin PBXNativeTarget section */
		C24CDF0D1F07B62C005CE82E /* EvililluminationRas */ = {
			isa = PBXNativeTarget;
			buildConfigurationList = C24CDF151F07B62C005CE82E /* Build configuration list for PBXNativeTarget "EvililluminationRas" */;
			buildPhases = (
				C24CDF0A1F07B62C005CE82E /* Sources */,
				C24CDF0B1F07B62C005CE82E /* Frameworks */,
				C24CDF0C1F07B62C005CE82E /* CopyFiles */,
			);
			buildRules = (
			);
			dependencies = (
			);
			name = EvililluminationRas;
			productName = EvililluminationRas;
			productReference = C24CDF0E1F07B62C005CE82E /* EvililluminationRas */;
			productType = "com.apple.product-type.tool";
		};
/* End PBXNativeTarget section */

/* Begin PBXProject section */
		C24CDF061F07B62C005CE82E /* Project object */ = {
			isa = PBXProject;
			attributes = {
				LastUpgradeCheck = 0830;
				ORGANIZATIONNAME = Monster;
				TargetAttributes = {
					C24CDF0D1F07B62C005CE82E = {
						CreatedOnToolsVersion = 8.3.3;
						DevelopmentTeam = QY227AQ425;
						ProvisioningStyle = Automatic;
					};
				};
			};
			buildConfigurationList = C24CDF091F07B62C005CE82E /* Build configuration list for PBXProject "EvililluminationRas" */;
			compatibilityVersion = "Xcode 3.2";
			developmentRegion = English;
			hasScannedForEncodings = 0;
			knownRegions = (
				en,
			);
			mainGroup = C24CDF051F07B62C005CE82E;
			productRefGroup = C24CDF0F1F07B62C005CE82E /* Products */;
			projectDirPath = "";
			projectRoot = "";
			targets = (
				C24CDF0D1F07B62C005CE82E /* EvililluminationRas */,
			);
		};
/* End PBXProject section */

/* Begin PBXSourcesBuildPhase section */
		C24CDF0A1F07B62C005CE82E /* Sources */ = {
			isa = PBXSourcesBuildPhase;
			buildActionMask = 2147483647;
			files = (
				C235B5781F41F65300C44779 /* main.cpp in Sources */,
				C235B5791F41F65300C44779 /* README.md in Sources */,
			);
			runOnlyForDeploymentPostprocessing = 0;
		};
/* End PBXSourcesBuildPhase section */

/* Begin XCBuildConfiguration section */
		C24CDF131F07B62C005CE82E /* Debug */ = {
			isa = XCBuildConfiguration;
			buildSettings = {
				ALWAYS_SEARCH_USER_PATHS = NO;
				CLANG_ANALYZER_NONNULL = YES;
				CLANG_ANALYZER_NUMBER_OBJECT_CONVERSION = YES_AGGRESSIVE;
				CLANG_CXX_LANGUAGE_STANDARD = "gnu++0x";
				CLANG_CXX_LIBRARY = "libc++";
				CLANG_ENABLE_MODULES = YES;
				CLANG_ENABLE_OBJC_ARC = YES;
				CLANG_WARN_BOOL_CONVERSION = YES;
				CLANG_WARN_CONSTANT_CONVERSION = YES;
				CLANG_WARN_DIRECT_OBJC_ISA_USAGE = YES_ERROR;
				CLANG_WARN_DOCUMENTATION_COMMENTS = YES;
				CLANG_WARN_EMPTY_BODY = YES;
				CLANG_WARN_ENUM_CONVERSION = YES;
				CLANG_WARN_INFINITE_RECURSION = YES;
				CLANG_WARN_INT_CONVERSION = YES;
				CLANG_WARN_OBJC_ROOT_CLASS = YES_ERROR;
				CLANG_WARN_SUSPICIOUS_MOVE = YES;
				CLANG_WARN_UNREACHABLE_CODE = YES;
				CLANG_WARN__DUPLICATE_METHOD_MATCH = YES;
				CODE_SIGN_IDENTITY = "-";
				COPY_PHASE_STRIP = NO;
				DEBUG_INFORMATION_FORMAT = dwarf;
				ENABLE_STRICT_OBJC_MSGSEND = YES;
				ENABLE_TESTABILITY = YES;
				GCC_C_LANGUAGE_STANDARD = gnu99;
				GCC_DYNAMIC_NO_PIC = NO;
				GCC_NO_COMMON_BLOCKS = YES;
				GCC_OPTIMIZATION_LEVEL = 0;
				GCC_PREPROCESSOR_DEFINITIONS = (
					"DEBUG=1",
					"$(inherited)",
				);
				GCC_WARN_64_TO_32_BIT_CONVERSION = YES;
				GCC_WARN_ABOUT_RETURN_TYPE = YES_ERROR;
				GCC_WARN_UNDECLARED_SELECTOR = YES;
				GCC_WARN_UNINITIALIZED_AUTOS = YES_AGGRESSIVE;
				GCC_WARN_UNUSED_FUNCTION = YES;
				GCC_WARN_UNUSED_VARIABLE = YES;
				HEADER_SEARCH_PATHS = /usr/local/include;
				LIBRARY_SEARCH_PATHS = /usr/local/lib;
				MACOSX_DEPLOYMENT_TARGET = 10.12;
				MTL_ENABLE_DEBUG_INFO = YES;
				ONLY_ACTIVE_ARCH = YES;
				SDKROOT = macosx;
			};
			name = Debug;
		};
		C24CDF141F07B62C005CE82E /* Release */ = {
			isa = XCBuildConfiguration;
			buildSettings = {
				ALWAYS_SEARCH_USER_PATHS = NO;
				CLANG_ANALYZER_NONNULL = YES;
				CLANG_ANALYZER_NUMBER_OBJECT_CONVERSION = YES_AGGRESSIVE;
				CLANG_CXX_LANGUAGE_STANDARD = "gnu++0x";
				CLANG_CXX_LIBRARY = "libc++";
				CLANG_ENABLE_MODULES = YES;
				CLANG_ENABLE_OBJC_ARC = YES;
				CLANG_WARN_BOOL_CONVERSION = YES;
				CLANG_WARN_CONSTANT_CONVERSION = YES;
				CLANG_WARN_DIRECT_OBJC_ISA_USAGE = YES_ERROR;
				CLANG_WARN_DOCUMENTATION_COMMENTS = YES;
				CLANG_WARN_EMPTY_BODY = YES;
				CLANG_WARN_ENUM_CONVERSION = YES;
				CLANG_WARN_INFINITE_RECURSION = YES;
				CLANG_WARN_INT_CONVERSION = YES;
				CLANG_WARN_OBJC_ROOT_CLASS = YES_ERROR;
				CLANG_WARN_SUSPICIOUS_MOVE = YES;
				CLANG_WARN_UNREACHABLE_CODE = YES;
				CLANG_WARN__DUPLICATE_METHOD_MATCH = YES;
				CODE_SIGN_IDENTITY = "-";
				COPY_PHASE_STRIP = NO;
				DEBUG_INFORMATION_FORMAT = "dwarf-with-dsym";
				ENABLE_NS_ASSERTIONS = NO;
				ENABLE_STRICT_OBJC_MSGSEND = YES;
				GCC_C_LANGUAGE_STANDARD = gnu99;
				GCC_NO_COMMON_BLOCKS = YES;
				GCC_WARN_64_TO_32_BIT_CONVERSION = YES;
				GCC_WARN_ABOUT_RETURN_TYPE = YES_ERROR;
				GCC_WARN_UNDECLARED_SELECTOR = YES;
				GCC_WARN_UNINITIALIZED_AUTOS = YES_AGGRESSIVE;
				GCC_WARN_UNUSED_FUNCTION = YES;
				GCC_WARN_UNUSED_VARIABLE = YES;
				HEADER_SEARCH_PATHS = /usr/local/include;
				LIBRARY_SEARCH_PATHS = /usr/local/lib;
				MACOSX_DEPLOYMENT_TARGET = 10.12;
				MTL_ENABLE_DEBUG_INFO = NO;
				SDKROOT = macosx;
			};
			name = Release;
		};
		C24CDF161F07B62C005CE82E /* Debug */ = {
			isa = XCBuildConfiguration;
			buildSettings = {
				DEVELOPMENT_TEAM = QY227AQ425;
				PRODUCT_NAME = "$(TARGET_NAME)";
			};
			name = Debug;
		};
		C24CDF171F07B62C005CE82E /* Release */ = {
			isa = XCBuildConfiguration;
			buildSettings = {
				DEVELOPMENT_TEAM = QY227AQ425;
				PRODUCT_NAME = "$(TARGET_NAME)";
			};
			name = Release;
		};
/* End XCBuildConfiguration section */

/* Begin XCConfigurationList section */
		C24CDF091F07B62C005CE82E /* Build configuration list for PBXProject "EvililluminationRas" */ = {
			isa = XCConfigurationList;
			buildConfigurations = (
				C24CDF131F07B62C005CE82E /* Debug */,
				C24CDF141F07B62C005CE82E /* Release */,
			);
			defaultConfigurationIsVisible = 0;
			defaultConfigurationName = Release;
		};
		C24CDF151F07B62C005CE82E /* Build configuration list for PBXNativeTarget "EvililluminationRas" */ = {
			isa = XCConfigurationList;
			buildConfigurations = (
				C24CDF161F07B62C005CE82E /* Debug */,
				C24CDF171F07B62C005CE82E /* Release */,
			);
			defaultConfigurationIsVisible = 0;
			defaultConfigurationName = Release;
		};
/* End XCConfigurationList section */
	};
	rootObject = C24CDF061F07B62C005CE82E /* Project object */;
}
