// !$*UTF8*$!
{
	archiveVersion = 1;
	classes = {
	};
	objectVersion = 46;
	objects = {

/* Begin PBXBuildFile section */
		2F0CD68B21C9EF51001D4BF7 /* EiRas.cpp in Sources */ = {isa = PBXBuildFile; fileRef = 2F0CD68A21C9EF51001D4BF7 /* EiRas.cpp */; };
		2F0CD69321C9EF87001D4BF7 /* EiEffect.cpp in Sources */ = {isa = PBXBuildFile; fileRef = 2F0CD69221C9EF87001D4BF7 /* EiEffect.cpp */; };
		2F0CD69B21C9EFA7001D4BF7 /* EiTransform2D.cpp in Sources */ = {isa = PBXBuildFile; fileRef = 2F0CD69721C9EFA6001D4BF7 /* EiTransform2D.cpp */; };
		2F0CD69C21C9EFA7001D4BF7 /* EiTransform3D.cpp in Sources */ = {isa = PBXBuildFile; fileRef = 2F0CD69821C9EFA7001D4BF7 /* EiTransform3D.cpp */; };
		2F0CD69D21C9EFA7001D4BF7 /* EiMath.cpp in Sources */ = {isa = PBXBuildFile; fileRef = 2F0CD69921C9EFA7001D4BF7 /* EiMath.cpp */; };
		2F0CD6A321C9EFBD001D4BF7 /* EiPrimitive.cpp in Sources */ = {isa = PBXBuildFile; fileRef = 2F0CD69F21C9EFBD001D4BF7 /* EiPrimitive.cpp */; };
		2F0CD6A421C9EFBD001D4BF7 /* EiLine.cpp in Sources */ = {isa = PBXBuildFile; fileRef = 2F0CD6A021C9EFBD001D4BF7 /* EiLine.cpp */; };
		2F0CD6A821C9EFD6001D4BF7 /* EiTexture2D.cpp in Sources */ = {isa = PBXBuildFile; fileRef = 2F0CD6A621C9EFD6001D4BF7 /* EiTexture2D.cpp */; };
		2F0CD6AC21C9F07D001D4BF7 /* EiCamera.cpp in Sources */ = {isa = PBXBuildFile; fileRef = 2F0CD6AB21C9F07D001D4BF7 /* EiCamera.cpp */; };
		2F0CD6AF21C9F7FE001D4BF7 /* EiTriangel2D.cpp in Sources */ = {isa = PBXBuildFile; fileRef = 2F0CD6AD21C9F7FE001D4BF7 /* EiTriangel2D.cpp */; };
		2F3DFC8821D365FE00CCFF41 /* EiTime.cpp in Sources */ = {isa = PBXBuildFile; fileRef = 2F3DFC8621D365FE00CCFF41 /* EiTime.cpp */; };
		2F3DFC8C21D3686E00CCFF41 /* EiTime_MacOS_Adapter.mm in Sources */ = {isa = PBXBuildFile; fileRef = 2F3DFC8A21D3686E00CCFF41 /* EiTime_MacOS_Adapter.mm */; };
		2F6F266C21D104E700D3A194 /* EiCommandBuffer.cpp in Sources */ = {isa = PBXBuildFile; fileRef = 2F6F266A21D104E700D3A194 /* EiCommandBuffer.cpp */; };
		2F8848DE21D2132700EA5B1F /* EiThread.cpp in Sources */ = {isa = PBXBuildFile; fileRef = 2F8848DC21D2132700EA5B1F /* EiThread.cpp */; };
		2F8848E121D214DD00EA5B1F /* EiThread_MacOS_Bridge.mm in Sources */ = {isa = PBXBuildFile; fileRef = 2F8848E021D214DD00EA5B1F /* EiThread_MacOS_Bridge.mm */; };
		2F8848E521D21BEA00EA5B1F /* EiThread_MacOS_Adapter.cpp in Sources */ = {isa = PBXBuildFile; fileRef = 2F8848E321D21BEA00EA5B1F /* EiThread_MacOS_Adapter.cpp */; };
		2F8848EA21D226CC00EA5B1F /* EiThread_MacOS_Build.mm in Sources */ = {isa = PBXBuildFile; fileRef = 2F8848E921D226CC00EA5B1F /* EiThread_MacOS_Build.mm */; };
		2F8848EE21D22A7B00EA5B1F /* EiThreadHelper.cpp in Sources */ = {isa = PBXBuildFile; fileRef = 2F8848EC21D22A7B00EA5B1F /* EiThreadHelper.cpp */; };
		C2197C7621CE878900274287 /* EiRasObject.cpp in Sources */ = {isa = PBXBuildFile; fileRef = C2197C7421CE878900274287 /* EiRasObject.cpp */; };
		C2197C8121CFB0FF00274287 /* RingBuffer.cpp in Sources */ = {isa = PBXBuildFile; fileRef = C2197C7F21CFB0FF00274287 /* RingBuffer.cpp */; };
		C235B5781F41F65300C44779 /* main.cpp in Sources */ = {isa = PBXBuildFile; fileRef = C235B56C1F41F65300C44779 /* main.cpp */; };
		C235B5791F41F65300C44779 /* README.md in Sources */ = {isa = PBXBuildFile; fileRef = C235B56D1F41F65300C44779 /* README.md */; };
/* End PBXBuildFile section */

/* Begin PBXCopyFilesBuildPhase section */
		C24CDF0C1F07B62C005CE82E /* CopyFiles */ = {
			isa = PBXCopyFilesBuildPhase;
			buildActionMask = 2147483647;
			dstPath = /usr/share/man/man1/;
			dstSubfolderSpec = 0;
			files = (
			);
			runOnlyForDeploymentPostprocessing = 1;
		};
/* End PBXCopyFilesBuildPhase section */

/* Begin PBXFileReference section */
		2F0CD68721C9EF3A001D4BF7 /* EiMacro.h */ = {isa = PBXFileReference; fileEncoding = 4; lastKnownFileType = sourcecode.c.h; path = EiMacro.h; sourceTree = "<group>"; };
		2F0CD68821C9EF51001D4BF7 /* EiRas.hpp */ = {isa = PBXFileReference; fileEncoding = 4; lastKnownFileType = sourcecode.cpp.h; path = EiRas.hpp; sourceTree = "<group>"; };
		2F0CD68921C9EF51001D4BF7 /* EiRasHeaders.h */ = {isa = PBXFileReference; fileEncoding = 4; lastKnownFileType = sourcecode.c.h; path = EiRasHeaders.h; sourceTree = "<group>"; };
		2F0CD68A21C9EF51001D4BF7 /* EiRas.cpp */ = {isa = PBXFileReference; fileEncoding = 4; lastKnownFileType = sourcecode.cpp.cpp; path = EiRas.cpp; sourceTree = "<group>"; };
		2F0CD69121C9EF87001D4BF7 /* EiEffect.hpp */ = {isa = PBXFileReference; fileEncoding = 4; lastKnownFileType = sourcecode.cpp.h; path = EiEffect.hpp; sourceTree = "<group>"; };
		2F0CD69221C9EF87001D4BF7 /* EiEffect.cpp */ = {isa = PBXFileReference; fileEncoding = 4; lastKnownFileType = sourcecode.cpp.cpp; path = EiEffect.cpp; sourceTree = "<group>"; };
		2F0CD69521C9EFA6001D4BF7 /* EiTransform2D.hpp */ = {isa = PBXFileReference; fileEncoding = 4; lastKnownFileType = sourcecode.cpp.h; path = EiTransform2D.hpp; sourceTree = "<group>"; };
		2F0CD69621C9EFA6001D4BF7 /* EiMath.hpp */ = {isa = PBXFileReference; fileEncoding = 4; lastKnownFileType = sourcecode.cpp.h; path = EiMath.hpp; sourceTree = "<group>"; };
		2F0CD69721C9EFA6001D4BF7 /* EiTransform2D.cpp */ = {isa = PBXFileReference; fileEncoding = 4; lastKnownFileType = sourcecode.cpp.cpp; path = EiTransform2D.cpp; sourceTree = "<group>"; };
		2F0CD69821C9EFA7001D4BF7 /* EiTransform3D.cpp */ = {isa = PBXFileReference; fileEncoding = 4; lastKnownFileType = sourcecode.cpp.cpp; path = EiTransform3D.cpp; sourceTree = "<group>"; };
		2F0CD69921C9EFA7001D4BF7 /* EiMath.cpp */ = {isa = PBXFileReference; fileEncoding = 4; lastKnownFileType = sourcecode.cpp.cpp; path = EiMath.cpp; sourceTree = "<group>"; };
		2F0CD69A21C9EFA7001D4BF7 /* EiTransform3D.hpp */ = {isa = PBXFileReference; fileEncoding = 4; lastKnownFileType = sourcecode.cpp.h; path = EiTransform3D.hpp; sourceTree = "<group>"; };
		2F0CD69F21C9EFBD001D4BF7 /* EiPrimitive.cpp */ = {isa = PBXFileReference; fileEncoding = 4; lastKnownFileType = sourcecode.cpp.cpp; path = EiPrimitive.cpp; sourceTree = "<group>"; };
		2F0CD6A021C9EFBD001D4BF7 /* EiLine.cpp */ = {isa = PBXFileReference; fileEncoding = 4; lastKnownFileType = sourcecode.cpp.cpp; path = EiLine.cpp; sourceTree = "<group>"; };
		2F0CD6A121C9EFBD001D4BF7 /* EiLine.hpp */ = {isa = PBXFileReference; fileEncoding = 4; lastKnownFileType = sourcecode.cpp.h; path = EiLine.hpp; sourceTree = "<group>"; };
		2F0CD6A221C9EFBD001D4BF7 /* EiPrimitive.hpp */ = {isa = PBXFileReference; fileEncoding = 4; lastKnownFileType = sourcecode.cpp.h; path = EiPrimitive.hpp; sourceTree = "<group>"; };
		2F0CD6A621C9EFD6001D4BF7 /* EiTexture2D.cpp */ = {isa = PBXFileReference; fileEncoding = 4; lastKnownFileType = sourcecode.cpp.cpp; path = EiTexture2D.cpp; sourceTree = "<group>"; };
		2F0CD6A721C9EFD6001D4BF7 /* EiTexture2D.hpp */ = {isa = PBXFileReference; fileEncoding = 4; lastKnownFileType = sourcecode.cpp.h; path = EiTexture2D.hpp; sourceTree = "<group>"; };
		2F0CD6AA21C9F07D001D4BF7 /* EiCamera.hpp */ = {isa = PBXFileReference; fileEncoding = 4; lastKnownFileType = sourcecode.cpp.h; path = EiCamera.hpp; sourceTree = "<group>"; };
		2F0CD6AB21C9F07D001D4BF7 /* EiCamera.cpp */ = {isa = PBXFileReference; fileEncoding = 4; lastKnownFileType = sourcecode.cpp.cpp; path = EiCamera.cpp; sourceTree = "<group>"; };
		2F0CD6AD21C9F7FE001D4BF7 /* EiTriangel2D.cpp */ = {isa = PBXFileReference; lastKnownFileType = sourcecode.cpp.cpp; path = EiTriangel2D.cpp; sourceTree = "<group>"; };
		2F0CD6AE21C9F7FE001D4BF7 /* EiTriangel2D.hpp */ = {isa = PBXFileReference; lastKnownFileType = sourcecode.cpp.h; path = EiTriangel2D.hpp; sourceTree = "<group>"; };
		2F3DFC8621D365FE00CCFF41 /* EiTime.cpp */ = {isa = PBXFileReference; lastKnownFileType = sourcecode.cpp.cpp; path = EiTime.cpp; sourceTree = "<group>"; };
		2F3DFC8721D365FE00CCFF41 /* EiTime.hpp */ = {isa = PBXFileReference; lastKnownFileType = sourcecode.cpp.h; path = EiTime.hpp; sourceTree = "<group>"; };
		2F3DFC8A21D3686E00CCFF41 /* EiTime_MacOS_Adapter.mm */ = {isa = PBXFileReference; lastKnownFileType = sourcecode.cpp.objcpp; path = EiTime_MacOS_Adapter.mm; sourceTree = "<group>"; };
		2F3DFC8B21D3686E00CCFF41 /* EiTime_MacOS_Adapter.hpp */ = {isa = PBXFileReference; lastKnownFileType = sourcecode.cpp.h; path = EiTime_MacOS_Adapter.hpp; sourceTree = "<group>"; };
		2F6F266A21D104E700D3A194 /* EiCommandBuffer.cpp */ = {isa = PBXFileReference; lastKnownFileType = sourcecode.cpp.cpp; path = EiCommandBuffer.cpp; sourceTree = "<group>"; };
		2F6F266B21D104E700D3A194 /* EiCommandBuffer.hpp */ = {isa = PBXFileReference; lastKnownFileType = sourcecode.cpp.h; path = EiCommandBuffer.hpp; sourceTree = "<group>"; };
		2F8848DC21D2132700EA5B1F /* EiThread.cpp */ = {isa = PBXFileReference; lastKnownFileType = sourcecode.cpp.cpp; path = EiThread.cpp; sourceTree = "<group>"; };
		2F8848DD21D2132700EA5B1F /* EiThread.hpp */ = {isa = PBXFileReference; lastKnownFileType = sourcecode.cpp.h; path = EiThread.hpp; sourceTree = "<group>"; };
		2F8848DF21D214DD00EA5B1F /* EiThread_MacOS_Bridge.hpp */ = {isa = PBXFileReference; lastKnownFileType = sourcecode.cpp.h; path = EiThread_MacOS_Bridge.hpp; sourceTree = "<group>"; };
		2F8848E021D214DD00EA5B1F /* EiThread_MacOS_Bridge.mm */ = {isa = PBXFileReference; lastKnownFileType = sourcecode.cpp.objcpp; path = EiThread_MacOS_Bridge.mm; sourceTree = "<group>"; };
		2F8848E321D21BEA00EA5B1F /* EiThread_MacOS_Adapter.cpp */ = {isa = PBXFileReference; lastKnownFileType = sourcecode.cpp.cpp; path = EiThread_MacOS_Adapter.cpp; sourceTree = "<group>"; };
		2F8848E421D21BEA00EA5B1F /* EiThread_MacOS_Adapter.hpp */ = {isa = PBXFileReference; lastKnownFileType = sourcecode.cpp.h; path = EiThread_MacOS_Adapter.hpp; sourceTree = "<group>"; };
		2F8848E821D226CC00EA5B1F /* EiThread_MacOS_Build.h */ = {isa = PBXFileReference; lastKnownFileType = sourcecode.c.h; path = EiThread_MacOS_Build.h; sourceTree = "<group>"; };
		2F8848E921D226CC00EA5B1F /* EiThread_MacOS_Build.mm */ = {isa = PBXFileReference; lastKnownFileType = sourcecode.cpp.objcpp; path = EiThread_MacOS_Build.mm; sourceTree = "<group>"; };
		2F8848EC21D22A7B00EA5B1F /* EiThreadHelper.cpp */ = {isa = PBXFileReference; lastKnownFileType = sourcecode.cpp.cpp; path = EiThreadHelper.cpp; sourceTree = "<group>"; };
		2F8848ED21D22A7B00EA5B1F /* EiThreadHelper.hpp */ = {isa = PBXFileReference; lastKnownFileType = sourcecode.cpp.h; path = EiThreadHelper.hpp; sourceTree = "<group>"; };
		C2197C7421CE878900274287 /* EiRasObject.cpp */ = {isa = PBXFileReference; lastKnownFileType = sourcecode.cpp.cpp; path = EiRasObject.cpp; sourceTree = "<group>"; };
		C2197C7521CE878900274287 /* EiRasObject.hpp */ = {isa = PBXFileReference; lastKnownFileType = sourcecode.cpp.h; path = EiRasObject.hpp; sourceTree = "<group>"; };
		C2197C7F21CFB0FF00274287 /* RingBuffer.cpp */ = {isa = PBXFileReference; lastKnownFileType = sourcecode.cpp.cpp; path = RingBuffer.cpp; sourceTree = "<group>"; };
		C2197C8021CFB0FF00274287 /* RingBuffer.hpp */ = {isa = PBXFileReference; lastKnownFileType = sourcecode.cpp.h; path = RingBuffer.hpp; sourceTree = "<group>"; };
		C235B5691F41F65300C44779 /* 02180049.jpg */ = {isa = PBXFileReference; lastKnownFileType = image.jpeg; path = 02180049.jpg; sourceTree = "<group>"; };
		C235B56A1F41F65300C44779 /* Ei.png */ = {isa = PBXFileReference; lastKnownFileType = image.png; path = Ei.png; sourceTree = "<group>"; };
		C235B56B1F41F65300C44779 /* RT.bmp */ = {isa = PBXFileReference; lastKnownFileType = image.bmp; path = RT.bmp; sourceTree = "<group>"; };
		C235B56C1F41F65300C44779 /* main.cpp */ = {isa = PBXFileReference; fileEncoding = 4; lastKnownFileType = sourcecode.cpp.cpp; path = main.cpp; sourceTree = "<group>"; };
		C235B56D1F41F65300C44779 /* README.md */ = {isa = PBXFileReference; fileEncoding = 4; lastKnownFileType = net.daringfireball.markdown; path = README.md; sourceTree = "<group>"; };
		C24CDF0E1F07B62C005CE82E /* EvililluminationRas */ = {isa = PBXFileReference; explicitFileType = "compiled.mach-o.executable"; includeInIndex = 0; path = EvililluminationRas; sourceTree = BUILT_PRODUCTS_DIR; };
/* End PBXFileReference section */

/* Begin PBXFrameworksBuildPhase section */
		C24CDF0B1F07B62C005CE82E /* Frameworks */ = {
			isa = PBXFrameworksBuildPhase;
			buildActionMask = 2147483647;
			files = (
			);
			runOnlyForDeploymentPostprocessing = 0;
		};
/* End PBXFrameworksBuildPhase section */

/* Begin PBXGroup section */
		2F0CD68621C9EF23001D4BF7 /* EiRas */ = {
			isa = PBXGroup;
			children = (
				2F6F266921D104CA00D3A194 /* EiCommandBuffer */,
				C2197C7821CE8B5200274287 /* EiDependence */,
				2F0CD6A921C9F06D001D4BF7 /* EiCamera */,
				2F0CD6A521C9EFC6001D4BF7 /* EiTexture */,
				2F0CD69E21C9EFAD001D4BF7 /* EiPrimitive */,
				2F0CD69421C9EF98001D4BF7 /* EiMath */,
				2F0CD69021C9EF77001D4BF7 /* EiEffect */,
				2F0CD68721C9EF3A001D4BF7 /* EiMacro.h */,
				2F0CD68A21C9EF51001D4BF7 /* EiRas.cpp */,
				2F0CD68821C9EF51001D4BF7 /* EiRas.hpp */,
				2F0CD68921C9EF51001D4BF7 /* EiRasHeaders.h */,
				C2197C7421CE878900274287 /* EiRasObject.cpp */,
				C2197C7521CE878900274287 /* EiRasObject.hpp */,
			);
			path = EiRas;
			sourceTree = "<group>";
		};
		2F0CD69021C9EF77001D4BF7 /* EiEffect */ = {
			isa = PBXGroup;
			children = (
				2F0CD69221C9EF87001D4BF7 /* EiEffect.cpp */,
				2F0CD69121C9EF87001D4BF7 /* EiEffect.hpp */,
			);
			path = EiEffect;
			sourceTree = "<group>";
		};
		2F0CD69421C9EF98001D4BF7 /* EiMath */ = {
			isa = PBXGroup;
			children = (
				2F0CD69921C9EFA7001D4BF7 /* EiMath.cpp */,
				2F0CD69621C9EFA6001D4BF7 /* EiMath.hpp */,
				2F0CD69721C9EFA6001D4BF7 /* EiTransform2D.cpp */,
				2F0CD69521C9EFA6001D4BF7 /* EiTransform2D.hpp */,
				2F0CD69821C9EFA7001D4BF7 /* EiTransform3D.cpp */,
				2F0CD69A21C9EFA7001D4BF7 /* EiTransform3D.hpp */,
			);
			path = EiMath;
			sourceTree = "<group>";
		};
		2F0CD69E21C9EFAD001D4BF7 /* EiPrimitive */ = {
			isa = PBXGroup;
			children = (
				2F0CD6A021C9EFBD001D4BF7 /* EiLine.cpp */,
				2F0CD6A121C9EFBD001D4BF7 /* EiLine.hpp */,
				2F0CD69F21C9EFBD001D4BF7 /* EiPrimitive.cpp */,
				2F0CD6A221C9EFBD001D4BF7 /* EiPrimitive.hpp */,
				2F0CD6AD21C9F7FE001D4BF7 /* EiTriangel2D.cpp */,
				2F0CD6AE21C9F7FE001D4BF7 /* EiTriangel2D.hpp */,
			);
			path = EiPrimitive;
			sourceTree = "<group>";
		};
		2F0CD6A521C9EFC6001D4BF7 /* EiTexture */ = {
			isa = PBXGroup;
			children = (
				2F0CD6A621C9EFD6001D4BF7 /* EiTexture2D.cpp */,
				2F0CD6A721C9EFD6001D4BF7 /* EiTexture2D.hpp */,
			);
			path = EiTexture;
			sourceTree = "<group>";
		};
		2F0CD6A921C9F06D001D4BF7 /* EiCamera */ = {
			isa = PBXGroup;
			children = (
				2F0CD6AB21C9F07D001D4BF7 /* EiCamera.cpp */,
				2F0CD6AA21C9F07D001D4BF7 /* EiCamera.hpp */,
			);
			path = EiCamera;
			sourceTree = "<group>";
		};
		2F3DFC8521D3657E00CCFF41 /* EiTime */ = {
			isa = PBXGroup;
			children = (
				2F3DFC8921D3683800CCFF41 /* MacOS_Build */,
				2F3DFC8621D365FE00CCFF41 /* EiTime.cpp */,
				2F3DFC8721D365FE00CCFF41 /* EiTime.hpp */,
			);
			path = EiTime;
			sourceTree = "<group>";
		};
		2F3DFC8921D3683800CCFF41 /* MacOS_Build */ = {
			isa = PBXGroup;
			children = (
				2F3DFC8A21D3686E00CCFF41 /* EiTime_MacOS_Adapter.mm */,
				2F3DFC8B21D3686E00CCFF41 /* EiTime_MacOS_Adapter.hpp */,
			);
			path = MacOS_Build;
			sourceTree = "<group>";
		};
		2F6F266921D104CA00D3A194 /* EiCommandBuffer */ = {
			isa = PBXGroup;
			children = (
				2F6F266A21D104E700D3A194 /* EiCommandBuffer.cpp */,
				2F6F266B21D104E700D3A194 /* EiCommandBuffer.hpp */,
			);
			path = EiCommandBuffer;
			sourceTree = "<group>";
		};
		2F8848DB21D2116D00EA5B1F /* EiThread */ = {
			isa = PBXGroup;
			children = (
				2F8848E221D2196D00EA5B1F /* MacOS_Build */,
				2F8848DC21D2132700EA5B1F /* EiThread.cpp */,
				2F8848DD21D2132700EA5B1F /* EiThread.hpp */,
				2F8848EC21D22A7B00EA5B1F /* EiThreadHelper.cpp */,
				2F8848ED21D22A7B00EA5B1F /* EiThreadHelper.hpp */,
			);
			path = EiThread;
			sourceTree = "<group>";
		};
		2F8848E221D2196D00EA5B1F /* MacOS_Build */ = {
			isa = PBXGroup;
			children = (
				2F8848E321D21BEA00EA5B1F /* EiThread_MacOS_Adapter.cpp */,
				2F8848E421D21BEA00EA5B1F /* EiThread_MacOS_Adapter.hpp */,
				2F8848DF21D214DD00EA5B1F /* EiThread_MacOS_Bridge.hpp */,
				2F8848E021D214DD00EA5B1F /* EiThread_MacOS_Bridge.mm */,
				2F8848E821D226CC00EA5B1F /* EiThread_MacOS_Build.h */,
				2F8848E921D226CC00EA5B1F /* EiThread_MacOS_Build.mm */,
			);
			path = MacOS_Build;
			sourceTree = "<group>";
		};
		C2197C7821CE8B5200274287 /* EiDependence */ = {
			isa = PBXGroup;
			children = (
				2F3DFC8521D3657E00CCFF41 /* EiTime */,
				2F8848DB21D2116D00EA5B1F /* EiThread */,
				C2197C7F21CFB0FF00274287 /* RingBuffer.cpp */,
				C2197C8021CFB0FF00274287 /* RingBuffer.hpp */,
			);
			path = EiDependence;
			sourceTree = "<group>";
		};
		C235B5681F41F65300C44779 /* img */ = {
			isa = PBXGroup;
			children = (
				C235B5691F41F65300C44779 /* 02180049.jpg */,
				C235B56A1F41F65300C44779 /* Ei.png */,
				C235B56B1F41F65300C44779 /* RT.bmp */,
			);
			path = img;
			sourceTree = "<group>";
		};
		C24CDF051F07B62C005CE82E = {
			isa = PBXGroup;
			children = (
				2F0CD68621C9EF23001D4BF7 /* EiRas */,
				C235B56D1F41F65300C44779 /* README.md */,
				C235B56C1F41F65300C44779 /* main.cpp */,
				C235B5681F41F65300C44779 /* img */,
				C24CDF0F1F07B62C005CE82E /* Products */,
			);
			sourceTree = "<group>";
		};
		C24CDF0F1F07B62C005CE82E /* Products */ = {
			isa = PBXGroup;
			children = (
				C24CDF0E1F07B62C005CE82E /* EvililluminationRas */,
			);
			name = Products;
			sourceTree = "<group>";
		};
/* End PBXGroup section */

/* Begin PBXNativeTarget section */
		C24CDF0D1F07B62C005CE82E /* EvililluminationRas */ = {
			isa = PBXNativeTarget;
			buildConfigurationList = C24CDF151F07B62C005CE82E /* Build configuration list for PBXNativeTarget "EvililluminationRas" */;
			buildPhases = (
				C24CDF0A1F07B62C005CE82E /* Sources */,
				C24CDF0B1F07B62C005CE82E /* Frameworks */,
				C24CDF0C1F07B62C005CE82E /* CopyFiles */,
			);
			buildRules = (
			);
			dependencies = (
			);
			name = EvililluminationRas;
			productName = EvililluminationRas;
			productReference = C24CDF0E1F07B62C005CE82E /* EvililluminationRas */;
			productType = "com.apple.product-type.tool";
		};
/* End PBXNativeTarget section */

/* Begin PBXProject section */
		C24CDF061F07B62C005CE82E /* Project object */ = {
			isa = PBXProject;
			attributes = {
				LastUpgradeCheck = 0830;
				ORGANIZATIONNAME = Monster;
				TargetAttributes = {
					C24CDF0D1F07B62C005CE82E = {
						CreatedOnToolsVersion = 8.3.3;
						DevelopmentTeam = QY227AQ425;
						ProvisioningStyle = Automatic;
					};
				};
			};
			buildConfigurationList = C24CDF091F07B62C005CE82E /* Build configuration list for PBXProject "EvililluminationRas" */;
			compatibilityVersion = "Xcode 3.2";
			developmentRegion = English;
			hasScannedForEncodings = 0;
			knownRegions = (
				en,
			);
			mainGroup = C24CDF051F07B62C005CE82E;
			productRefGroup = C24CDF0F1F07B62C005CE82E /* Products */;
			projectDirPath = "";
			projectRoot = "";
			targets = (
				C24CDF0D1F07B62C005CE82E /* EvililluminationRas */,
			);
		};
/* End PBXProject section */

/* Begin PBXSourcesBuildPhase section */
		C24CDF0A1F07B62C005CE82E /* Sources */ = {
			isa = PBXSourcesBuildPhase;
			buildActionMask = 2147483647;
			files = (
				2F0CD69B21C9EFA7001D4BF7 /* EiTransform2D.cpp in Sources */,
				2F0CD6A821C9EFD6001D4BF7 /* EiTexture2D.cpp in Sources */,
				2F3DFC8821D365FE00CCFF41 /* EiTime.cpp in Sources */,
				2F6F266C21D104E700D3A194 /* EiCommandBuffer.cpp in Sources */,
				2F8848DE21D2132700EA5B1F /* EiThread.cpp in Sources */,
				2F8848EA21D226CC00EA5B1F /* EiThread_MacOS_Build.mm in Sources */,
				C2197C7621CE878900274287 /* EiRasObject.cpp in Sources */,
				C2197C8121CFB0FF00274287 /* RingBuffer.cpp in Sources */,
				2F0CD69C21C9EFA7001D4BF7 /* EiTransform3D.cpp in Sources */,
				2F0CD6AC21C9F07D001D4BF7 /* EiCamera.cpp in Sources */,
				2F8848EE21D22A7B00EA5B1F /* EiThreadHelper.cpp in Sources */,
				2F8848E121D214DD00EA5B1F /* EiThread_MacOS_Bridge.mm in Sources */,
				2F3DFC8C21D3686E00CCFF41 /* EiTime_MacOS_Adapter.mm in Sources */,
				2F0CD6A421C9EFBD001D4BF7 /* EiLine.cpp in Sources */,
				2F0CD6A321C9EFBD001D4BF7 /* EiPrimitive.cpp in Sources */,
				2F0CD69D21C9EFA7001D4BF7 /* EiMath.cpp in Sources */,
				2F0CD6AF21C9F7FE001D4BF7 /* EiTriangel2D.cpp in Sources */,
				2F0CD69321C9EF87001D4BF7 /* EiEffect.cpp in Sources */,
				2F0CD68B21C9EF51001D4BF7 /* EiRas.cpp in Sources */,
				2F8848E521D21BEA00EA5B1F /* EiThread_MacOS_Adapter.cpp in Sources */,
				C235B5781F41F65300C44779 /* main.cpp in Sources */,
				C235B5791F41F65300C44779 /* README.md in Sources */,
			);
			runOnlyForDeploymentPostprocessing = 0;
		};
/* End PBXSourcesBuildPhase section */

/* Begin XCBuildConfiguration section */
		C24CDF131F07B62C005CE82E /* Debug */ = {
			isa = XCBuildConfiguration;
			buildSettings = {
				ALWAYS_SEARCH_USER_PATHS = NO;
				CLANG_ANALYZER_NONNULL = YES;
				CLANG_ANALYZER_NUMBER_OBJECT_CONVERSION = YES_AGGRESSIVE;
				CLANG_CXX_LANGUAGE_STANDARD = "gnu++0x";
				CLANG_CXX_LIBRARY = "libc++";
				CLANG_ENABLE_MODULES = YES;
				CLANG_ENABLE_OBJC_ARC = YES;
				CLANG_WARN_BOOL_CONVERSION = YES;
				CLANG_WARN_CONSTANT_CONVERSION = YES;
				CLANG_WARN_DIRECT_OBJC_ISA_USAGE = YES_ERROR;
				CLANG_WARN_DOCUMENTATION_COMMENTS = YES;
				CLANG_WARN_EMPTY_BODY = YES;
				CLANG_WARN_ENUM_CONVERSION = YES;
				CLANG_WARN_INFINITE_RECURSION = YES;
				CLANG_WARN_INT_CONVERSION = YES;
				CLANG_WARN_OBJC_ROOT_CLASS = YES_ERROR;
				CLANG_WARN_SUSPICIOUS_MOVE = YES;
				CLANG_WARN_UNREACHABLE_CODE = YES;
				CLANG_WARN__DUPLICATE_METHOD_MATCH = YES;
				CODE_SIGN_IDENTITY = "-";
				COPY_PHASE_STRIP = NO;
				DEBUG_INFORMATION_FORMAT = dwarf;
				ENABLE_STRICT_OBJC_MSGSEND = YES;
				ENABLE_TESTABILITY = YES;
				GCC_C_LANGUAGE_STANDARD = gnu99;
				GCC_DYNAMIC_NO_PIC = NO;
				GCC_NO_COMMON_BLOCKS = YES;
				GCC_OPTIMIZATION_LEVEL = 0;
				GCC_PREPROCESSOR_DEFINITIONS = (
					"DEBUG=1",
					"$(inherited)",
				);
				GCC_WARN_64_TO_32_BIT_CONVERSION = YES;
				GCC_WARN_ABOUT_RETURN_TYPE = YES_ERROR;
				GCC_WARN_UNDECLARED_SELECTOR = YES;
				GCC_WARN_UNINITIALIZED_AUTOS = YES_AGGRESSIVE;
				GCC_WARN_UNUSED_FUNCTION = YES;
				GCC_WARN_UNUSED_VARIABLE = YES;
				HEADER_SEARCH_PATHS = /usr/local/include;
				LIBRARY_SEARCH_PATHS = /usr/local/lib;
				MACOSX_DEPLOYMENT_TARGET = 10.12;
				MTL_ENABLE_DEBUG_INFO = YES;
				ONLY_ACTIVE_ARCH = YES;
				SDKROOT = macosx;
			};
			name = Debug;
		};
		C24CDF141F07B62C005CE82E /* Release */ = {
			isa = XCBuildConfiguration;
			buildSettings = {
				ALWAYS_SEARCH_USER_PATHS = NO;
				CLANG_ANALYZER_NONNULL = YES;
				CLANG_ANALYZER_NUMBER_OBJECT_CONVERSION = YES_AGGRESSIVE;
				CLANG_CXX_LANGUAGE_STANDARD = "gnu++0x";
				CLANG_CXX_LIBRARY = "libc++";
				CLANG_ENABLE_MODULES = YES;
				CLANG_ENABLE_OBJC_ARC = YES;
				CLANG_WARN_BOOL_CONVERSION = YES;
				CLANG_WARN_CONSTANT_CONVERSION = YES;
				CLANG_WARN_DIRECT_OBJC_ISA_USAGE = YES_ERROR;
				CLANG_WARN_DOCUMENTATION_COMMENTS = YES;
				CLANG_WARN_EMPTY_BODY = YES;
				CLANG_WARN_ENUM_CONVERSION = YES;
				CLANG_WARN_INFINITE_RECURSION = YES;
				CLANG_WARN_INT_CONVERSION = YES;
				CLANG_WARN_OBJC_ROOT_CLASS = YES_ERROR;
				CLANG_WARN_SUSPICIOUS_MOVE = YES;
				CLANG_WARN_UNREACHABLE_CODE = YES;
				CLANG_WARN__DUPLICATE_METHOD_MATCH = YES;
				CODE_SIGN_IDENTITY = "-";
				COPY_PHASE_STRIP = NO;
				DEBUG_INFORMATION_FORMAT = "dwarf-with-dsym";
				ENABLE_NS_ASSERTIONS = NO;
				ENABLE_STRICT_OBJC_MSGSEND = YES;
				GCC_C_LANGUAGE_STANDARD = gnu99;
				GCC_NO_COMMON_BLOCKS = YES;
				GCC_WARN_64_TO_32_BIT_CONVERSION = YES;
				GCC_WARN_ABOUT_RETURN_TYPE = YES_ERROR;
				GCC_WARN_UNDECLARED_SELECTOR = YES;
				GCC_WARN_UNINITIALIZED_AUTOS = YES_AGGRESSIVE;
				GCC_WARN_UNUSED_FUNCTION = YES;
				GCC_WARN_UNUSED_VARIABLE = YES;
				HEADER_SEARCH_PATHS = /usr/local/include;
				LIBRARY_SEARCH_PATHS = /usr/local/lib;
				MACOSX_DEPLOYMENT_TARGET = 10.12;
				MTL_ENABLE_DEBUG_INFO = NO;
				SDKROOT = macosx;
			};
			name = Release;
		};
		C24CDF161F07B62C005CE82E /* Debug */ = {
			isa = XCBuildConfiguration;
			buildSettings = {
				DEVELOPMENT_TEAM = QY227AQ425;
				PRODUCT_NAME = "$(TARGET_NAME)";
			};
			name = Debug;
		};
		C24CDF171F07B62C005CE82E /* Release */ = {
			isa = XCBuildConfiguration;
			buildSettings = {
				DEVELOPMENT_TEAM = QY227AQ425;
				PRODUCT_NAME = "$(TARGET_NAME)";
			};
			name = Release;
		};
/* End XCBuildConfiguration section */

/* Begin XCConfigurationList section */
		C24CDF091F07B62C005CE82E /* Build configuration list for PBXProject "EvililluminationRas" */ = {
			isa = XCConfigurationList;
			buildConfigurations = (
				C24CDF131F07B62C005CE82E /* Debug */,
				C24CDF141F07B62C005CE82E /* Release */,
			);
			defaultConfigurationIsVisible = 0;
			defaultConfigurationName = Release;
		};
		C24CDF151F07B62C005CE82E /* Build configuration list for PBXNativeTarget "EvililluminationRas" */ = {
			isa = XCConfigurationList;
			buildConfigurations = (
				C24CDF161F07B62C005CE82E /* Debug */,
				C24CDF171F07B62C005CE82E /* Release */,
			);
			defaultConfigurationIsVisible = 0;
			defaultConfigurationName = Release;
		};
/* End XCConfigurationList section */
	};
	rootObject = C24CDF061F07B62C005CE82E /* Project object */;
}
