// !$*UTF8*$!
{
	archiveVersion = 1;
	classes = {
	};
	objectVersion = 46;
	objects = {

/* Begin PBXBuildFile section */
		C2068A491F114CB000B6CB64 /* Transform3D.cpp in Sources */ = {isa = PBXBuildFile; fileRef = C2068A471F114CB000B6CB64 /* Transform3D.cpp */; };
		C20A01BF1F09287000C684CD /* Ei_triangel.cpp in Sources */ = {isa = PBXBuildFile; fileRef = C20A01BD1F09287000C684CD /* Ei_triangel.cpp */; };
		C235B5491F41D98E00C44779 /* Ei_triangel3D.cpp in Sources */ = {isa = PBXBuildFile; fileRef = C235B5471F41D98E00C44779 /* Ei_triangel3D.cpp */; };
		C235B54C1F41ED9B00C44779 /* Eimath.cpp in Sources */ = {isa = PBXBuildFile; fileRef = C235B54A1F41ED9B00C44779 /* Eimath.cpp */; };
		C2431F881F3C3C6800190083 /* libopencv_calib3d.3.3.0.dylib in Frameworks */ = {isa = PBXBuildFile; fileRef = C2431F771F3C3C6800190083 /* libopencv_calib3d.3.3.0.dylib */; };
		C2431F891F3C3C6800190083 /* libopencv_core.3.3.0.dylib in Frameworks */ = {isa = PBXBuildFile; fileRef = C2431F781F3C3C6800190083 /* libopencv_core.3.3.0.dylib */; };
		C2431F8A1F3C3C6800190083 /* libopencv_dnn.3.3.0.dylib in Frameworks */ = {isa = PBXBuildFile; fileRef = C2431F791F3C3C6800190083 /* libopencv_dnn.3.3.0.dylib */; };
		C2431F8B1F3C3C6800190083 /* libopencv_features2d.3.3.0.dylib in Frameworks */ = {isa = PBXBuildFile; fileRef = C2431F7A1F3C3C6800190083 /* libopencv_features2d.3.3.0.dylib */; };
		C2431F8C1F3C3C6800190083 /* libopencv_flann.3.3.0.dylib in Frameworks */ = {isa = PBXBuildFile; fileRef = C2431F7B1F3C3C6800190083 /* libopencv_flann.3.3.0.dylib */; };
		C2431F8D1F3C3C6800190083 /* libopencv_highgui.3.3.0.dylib in Frameworks */ = {isa = PBXBuildFile; fileRef = C2431F7C1F3C3C6800190083 /* libopencv_highgui.3.3.0.dylib */; };
		C2431F8E1F3C3C6800190083 /* libopencv_imgcodecs.3.3.0.dylib in Frameworks */ = {isa = PBXBuildFile; fileRef = C2431F7D1F3C3C6800190083 /* libopencv_imgcodecs.3.3.0.dylib */; };
		C2431F8F1F3C3C6800190083 /* libopencv_imgproc.3.3.0.dylib in Frameworks */ = {isa = PBXBuildFile; fileRef = C2431F7E1F3C3C6800190083 /* libopencv_imgproc.3.3.0.dylib */; };
		C2431F901F3C3C6800190083 /* libopencv_ml.3.3.0.dylib in Frameworks */ = {isa = PBXBuildFile; fileRef = C2431F7F1F3C3C6800190083 /* libopencv_ml.3.3.0.dylib */; };
		C2431F911F3C3C6800190083 /* libopencv_objdetect.3.3.0.dylib in Frameworks */ = {isa = PBXBuildFile; fileRef = C2431F801F3C3C6800190083 /* libopencv_objdetect.3.3.0.dylib */; };
		C2431F921F3C3C6800190083 /* libopencv_photo.3.3.0.dylib in Frameworks */ = {isa = PBXBuildFile; fileRef = C2431F811F3C3C6800190083 /* libopencv_photo.3.3.0.dylib */; };
		C2431F931F3C3C6800190083 /* libopencv_shape.3.3.0.dylib in Frameworks */ = {isa = PBXBuildFile; fileRef = C2431F821F3C3C6800190083 /* libopencv_shape.3.3.0.dylib */; };
		C2431F941F3C3C6800190083 /* libopencv_stitching.3.3.0.dylib in Frameworks */ = {isa = PBXBuildFile; fileRef = C2431F831F3C3C6800190083 /* libopencv_stitching.3.3.0.dylib */; };
		C2431F951F3C3C6800190083 /* libopencv_superres.3.3.0.dylib in Frameworks */ = {isa = PBXBuildFile; fileRef = C2431F841F3C3C6800190083 /* libopencv_superres.3.3.0.dylib */; };
		C2431F961F3C3C6800190083 /* libopencv_video.3.3.0.dylib in Frameworks */ = {isa = PBXBuildFile; fileRef = C2431F851F3C3C6800190083 /* libopencv_video.3.3.0.dylib */; };
		C2431F971F3C3C6800190083 /* libopencv_videoio.3.3.0.dylib in Frameworks */ = {isa = PBXBuildFile; fileRef = C2431F861F3C3C6800190083 /* libopencv_videoio.3.3.0.dylib */; };
		C2431F981F3C3C6800190083 /* libopencv_videostab.3.3.0.dylib in Frameworks */ = {isa = PBXBuildFile; fileRef = C2431F871F3C3C6800190083 /* libopencv_videostab.3.3.0.dylib */; };
		C24A8ACA1F0A6DFE0051A026 /* Transform2D.cpp in Sources */ = {isa = PBXBuildFile; fileRef = C24A8AC81F0A6DFE0051A026 /* Transform2D.cpp */; };
		C24CDF121F07B62C005CE82E /* main.cpp in Sources */ = {isa = PBXBuildFile; fileRef = C24CDF111F07B62C005CE82E /* main.cpp */; };
		C24CDF201F07CD5C005CE82E /* Eiobject.cpp in Sources */ = {isa = PBXBuildFile; fileRef = C24CDF1E1F07CD5C005CE82E /* Eiobject.cpp */; };
		C24CDF231F07CDB9005CE82E /* EiRas.cpp in Sources */ = {isa = PBXBuildFile; fileRef = C24CDF211F07CDB9005CE82E /* EiRas.cpp */; };
		C24CDF271F07D02D005CE82E /* Ei_line.cpp in Sources */ = {isa = PBXBuildFile; fileRef = C24CDF251F07D02D005CE82E /* Ei_line.cpp */; };
		C281885D1F190E2800C3F72F /* EiLight.cpp in Sources */ = {isa = PBXBuildFile; fileRef = C281885B1F190E2800C3F72F /* EiLight.cpp */; };
		C2CEE4AB1F3B4CC500D4409E /* EiTexture2D.cpp in Sources */ = {isa = PBXBuildFile; fileRef = C2CEE4A91F3B4CC500D4409E /* EiTexture2D.cpp */; };
/* End PBXBuildFile section */

/* Begin PBXCopyFilesBuildPhase section */
		C24CDF0C1F07B62C005CE82E /* CopyFiles */ = {
			isa = PBXCopyFilesBuildPhase;
			buildActionMask = 2147483647;
			dstPath = /usr/share/man/man1/;
			dstSubfolderSpec = 0;
			files = (
			);
			runOnlyForDeploymentPostprocessing = 1;
		};
/* End PBXCopyFilesBuildPhase section */

/* Begin PBXFileReference section */
		C2068A471F114CB000B6CB64 /* Transform3D.cpp */ = {isa = PBXFileReference; fileEncoding = 4; lastKnownFileType = sourcecode.cpp.cpp; name = Transform3D.cpp; path = EiTransformation/Transform3D.cpp; sourceTree = "<group>"; };
		C2068A481F114CB000B6CB64 /* Transform3D.hpp */ = {isa = PBXFileReference; fileEncoding = 4; lastKnownFileType = sourcecode.cpp.h; name = Transform3D.hpp; path = EiTransformation/Transform3D.hpp; sourceTree = "<group>"; };
		C20A01BD1F09287000C684CD /* Ei_triangel.cpp */ = {isa = PBXFileReference; fileEncoding = 4; lastKnownFileType = sourcecode.cpp.cpp; name = Ei_triangel.cpp; path = Eiobject/Ei_triangel.cpp; sourceTree = "<group>"; };
		C20A01BE1F09287000C684CD /* Ei_triangel.hpp */ = {isa = PBXFileReference; fileEncoding = 4; lastKnownFileType = sourcecode.cpp.h; name = Ei_triangel.hpp; path = Eiobject/Ei_triangel.hpp; sourceTree = "<group>"; };
		C235B5471F41D98E00C44779 /* Ei_triangel3D.cpp */ = {isa = PBXFileReference; fileEncoding = 4; lastKnownFileType = sourcecode.cpp.cpp; name = Ei_triangel3D.cpp; path = Eiobject/Ei_triangel3D.cpp; sourceTree = "<group>"; };
		C235B5481F41D98E00C44779 /* Ei_triangel3D.hpp */ = {isa = PBXFileReference; fileEncoding = 4; lastKnownFileType = sourcecode.cpp.h; name = Ei_triangel3D.hpp; path = Eiobject/Ei_triangel3D.hpp; sourceTree = "<group>"; };
		C235B54A1F41ED9B00C44779 /* Eimath.cpp */ = {isa = PBXFileReference; fileEncoding = 4; lastKnownFileType = sourcecode.cpp.cpp; name = Eimath.cpp; path = Eimath/Eimath.cpp; sourceTree = "<group>"; };
		C235B54B1F41ED9B00C44779 /* Eimath.h */ = {isa = PBXFileReference; fileEncoding = 4; lastKnownFileType = sourcecode.c.h; name = Eimath.h; path = Eimath/Eimath.h; sourceTree = "<group>"; };
		C2431F771F3C3C6800190083 /* libopencv_calib3d.3.3.0.dylib */ = {isa = PBXFileReference; lastKnownFileType = "compiled.mach-o.dylib"; name = libopencv_calib3d.3.3.0.dylib; path = "../../opencv-3.3.0/release/lib/libopencv_calib3d.3.3.0.dylib"; sourceTree = "<group>"; };
		C2431F781F3C3C6800190083 /* libopencv_core.3.3.0.dylib */ = {isa = PBXFileReference; lastKnownFileType = "compiled.mach-o.dylib"; name = libopencv_core.3.3.0.dylib; path = "../../opencv-3.3.0/release/lib/libopencv_core.3.3.0.dylib"; sourceTree = "<group>"; };
		C2431F791F3C3C6800190083 /* libopencv_dnn.3.3.0.dylib */ = {isa = PBXFileReference; lastKnownFileType = "compiled.mach-o.dylib"; name = libopencv_dnn.3.3.0.dylib; path = "../../opencv-3.3.0/release/lib/libopencv_dnn.3.3.0.dylib"; sourceTree = "<group>"; };
		C2431F7A1F3C3C6800190083 /* libopencv_features2d.3.3.0.dylib */ = {isa = PBXFileReference; lastKnownFileType = "compiled.mach-o.dylib"; name = libopencv_features2d.3.3.0.dylib; path = "../../opencv-3.3.0/release/lib/libopencv_features2d.3.3.0.dylib"; sourceTree = "<group>"; };
		C2431F7B1F3C3C6800190083 /* libopencv_flann.3.3.0.dylib */ = {isa = PBXFileReference; lastKnownFileType = "compiled.mach-o.dylib"; name = libopencv_flann.3.3.0.dylib; path = "../../opencv-3.3.0/release/lib/libopencv_flann.3.3.0.dylib"; sourceTree = "<group>"; };
		C2431F7C1F3C3C6800190083 /* libopencv_highgui.3.3.0.dylib */ = {isa = PBXFileReference; lastKnownFileType = "compiled.mach-o.dylib"; name = libopencv_highgui.3.3.0.dylib; path = "../../opencv-3.3.0/release/lib/libopencv_highgui.3.3.0.dylib"; sourceTree = "<group>"; };
		C2431F7D1F3C3C6800190083 /* libopencv_imgcodecs.3.3.0.dylib */ = {isa = PBXFileReference; lastKnownFileType = "compiled.mach-o.dylib"; name = libopencv_imgcodecs.3.3.0.dylib; path = "../../opencv-3.3.0/release/lib/libopencv_imgcodecs.3.3.0.dylib"; sourceTree = "<group>"; };
		C2431F7E1F3C3C6800190083 /* libopencv_imgproc.3.3.0.dylib */ = {isa = PBXFileReference; lastKnownFileType = "compiled.mach-o.dylib"; name = libopencv_imgproc.3.3.0.dylib; path = "../../opencv-3.3.0/release/lib/libopencv_imgproc.3.3.0.dylib"; sourceTree = "<group>"; };
		C2431F7F1F3C3C6800190083 /* libopencv_ml.3.3.0.dylib */ = {isa = PBXFileReference; lastKnownFileType = "compiled.mach-o.dylib"; name = libopencv_ml.3.3.0.dylib; path = "../../opencv-3.3.0/release/lib/libopencv_ml.3.3.0.dylib"; sourceTree = "<group>"; };
		C2431F801F3C3C6800190083 /* libopencv_objdetect.3.3.0.dylib */ = {isa = PBXFileReference; lastKnownFileType = "compiled.mach-o.dylib"; name = libopencv_objdetect.3.3.0.dylib; path = "../../opencv-3.3.0/release/lib/libopencv_objdetect.3.3.0.dylib"; sourceTree = "<group>"; };
		C2431F811F3C3C6800190083 /* libopencv_photo.3.3.0.dylib */ = {isa = PBXFileReference; lastKnownFileType = "compiled.mach-o.dylib"; name = libopencv_photo.3.3.0.dylib; path = "../../opencv-3.3.0/release/lib/libopencv_photo.3.3.0.dylib"; sourceTree = "<group>"; };
		C2431F821F3C3C6800190083 /* libopencv_shape.3.3.0.dylib */ = {isa = PBXFileReference; lastKnownFileType = "compiled.mach-o.dylib"; name = libopencv_shape.3.3.0.dylib; path = "../../opencv-3.3.0/release/lib/libopencv_shape.3.3.0.dylib"; sourceTree = "<group>"; };
		C2431F831F3C3C6800190083 /* libopencv_stitching.3.3.0.dylib */ = {isa = PBXFileReference; lastKnownFileType = "compiled.mach-o.dylib"; name = libopencv_stitching.3.3.0.dylib; path = "../../opencv-3.3.0/release/lib/libopencv_stitching.3.3.0.dylib"; sourceTree = "<group>"; };
		C2431F841F3C3C6800190083 /* libopencv_superres.3.3.0.dylib */ = {isa = PBXFileReference; lastKnownFileType = "compiled.mach-o.dylib"; name = libopencv_superres.3.3.0.dylib; path = "../../opencv-3.3.0/release/lib/libopencv_superres.3.3.0.dylib"; sourceTree = "<group>"; };
		C2431F851F3C3C6800190083 /* libopencv_video.3.3.0.dylib */ = {isa = PBXFileReference; lastKnownFileType = "compiled.mach-o.dylib"; name = libopencv_video.3.3.0.dylib; path = "../../opencv-3.3.0/release/lib/libopencv_video.3.3.0.dylib"; sourceTree = "<group>"; };
		C2431F861F3C3C6800190083 /* libopencv_videoio.3.3.0.dylib */ = {isa = PBXFileReference; lastKnownFileType = "compiled.mach-o.dylib"; name = libopencv_videoio.3.3.0.dylib; path = "../../opencv-3.3.0/release/lib/libopencv_videoio.3.3.0.dylib"; sourceTree = "<group>"; };
		C2431F871F3C3C6800190083 /* libopencv_videostab.3.3.0.dylib */ = {isa = PBXFileReference; lastKnownFileType = "compiled.mach-o.dylib"; name = libopencv_videostab.3.3.0.dylib; path = "../../opencv-3.3.0/release/lib/libopencv_videostab.3.3.0.dylib"; sourceTree = "<group>"; };
		C24A8AC81F0A6DFE0051A026 /* Transform2D.cpp */ = {isa = PBXFileReference; fileEncoding = 4; lastKnownFileType = sourcecode.cpp.cpp; name = Transform2D.cpp; path = EiTransformation/Transform2D.cpp; sourceTree = "<group>"; };
		C24A8AC91F0A6DFE0051A026 /* Transform2D.hpp */ = {isa = PBXFileReference; fileEncoding = 4; lastKnownFileType = sourcecode.cpp.h; name = Transform2D.hpp; path = EiTransformation/Transform2D.hpp; sourceTree = "<group>"; };
		C24CDF0E1F07B62C005CE82E /* EvililluminationRas */ = {isa = PBXFileReference; explicitFileType = "compiled.mach-o.executable"; includeInIndex = 0; path = EvililluminationRas; sourceTree = BUILT_PRODUCTS_DIR; };
		C24CDF111F07B62C005CE82E /* main.cpp */ = {isa = PBXFileReference; lastKnownFileType = sourcecode.cpp.cpp; path = main.cpp; sourceTree = "<group>"; };
		C24CDF1E1F07CD5C005CE82E /* Eiobject.cpp */ = {isa = PBXFileReference; fileEncoding = 4; lastKnownFileType = sourcecode.cpp.cpp; name = Eiobject.cpp; path = Eiobject/Eiobject.cpp; sourceTree = "<group>"; };
		C24CDF1F1F07CD5C005CE82E /* Eiobject.hpp */ = {isa = PBXFileReference; fileEncoding = 4; lastKnownFileType = sourcecode.cpp.h; name = Eiobject.hpp; path = Eiobject/Eiobject.hpp; sourceTree = "<group>"; };
		C24CDF211F07CDB9005CE82E /* EiRas.cpp */ = {isa = PBXFileReference; fileEncoding = 4; lastKnownFileType = sourcecode.cpp.cpp; name = EiRas.cpp; path = EiRas/EiRas.cpp; sourceTree = "<group>"; };
		C24CDF221F07CDB9005CE82E /* EiRas.hpp */ = {isa = PBXFileReference; fileEncoding = 4; lastKnownFileType = sourcecode.cpp.h; name = EiRas.hpp; path = EiRas/EiRas.hpp; sourceTree = "<group>"; };
		C24CDF251F07D02D005CE82E /* Ei_line.cpp */ = {isa = PBXFileReference; fileEncoding = 4; lastKnownFileType = sourcecode.cpp.cpp; name = Ei_line.cpp; path = Eiobject/Ei_line.cpp; sourceTree = "<group>"; };
		C24CDF261F07D02D005CE82E /* Ei_line.hpp */ = {isa = PBXFileReference; fileEncoding = 4; lastKnownFileType = sourcecode.cpp.h; name = Ei_line.hpp; path = Eiobject/Ei_line.hpp; sourceTree = "<group>"; };
		C281885B1F190E2800C3F72F /* EiLight.cpp */ = {isa = PBXFileReference; fileEncoding = 4; lastKnownFileType = sourcecode.cpp.cpp; name = EiLight.cpp; path = EiLight/EiLight.cpp; sourceTree = "<group>"; };
		C281885C1F190E2800C3F72F /* EiLight.hpp */ = {isa = PBXFileReference; fileEncoding = 4; lastKnownFileType = sourcecode.cpp.h; name = EiLight.hpp; path = EiLight/EiLight.hpp; sourceTree = "<group>"; };
		C2CEE4A91F3B4CC500D4409E /* EiTexture2D.cpp */ = {isa = PBXFileReference; fileEncoding = 4; lastKnownFileType = sourcecode.cpp.cpp; name = EiTexture2D.cpp; path = EiTexture2D/EiTexture2D.cpp; sourceTree = "<group>"; };
		C2CEE4AA1F3B4CC500D4409E /* EiTexture2D.hpp */ = {isa = PBXFileReference; fileEncoding = 4; lastKnownFileType = sourcecode.cpp.h; name = EiTexture2D.hpp; path = EiTexture2D/EiTexture2D.hpp; sourceTree = "<group>"; };
/* End PBXFileReference section */

/* Begin PBXFrameworksBuildPhase section */
		C24CDF0B1F07B62C005CE82E /* Frameworks */ = {
			isa = PBXFrameworksBuildPhase;
			buildActionMask = 2147483647;
			files = (
				C2431F961F3C3C6800190083 /* libopencv_video.3.3.0.dylib in Frameworks */,
				C2431F951F3C3C6800190083 /* libopencv_superres.3.3.0.dylib in Frameworks */,
				C2431F911F3C3C6800190083 /* libopencv_objdetect.3.3.0.dylib in Frameworks */,
				C2431F8E1F3C3C6800190083 /* libopencv_imgcodecs.3.3.0.dylib in Frameworks */,
				C2431F8F1F3C3C6800190083 /* libopencv_imgproc.3.3.0.dylib in Frameworks */,
				C2431F931F3C3C6800190083 /* libopencv_shape.3.3.0.dylib in Frameworks */,
				C2431F901F3C3C6800190083 /* libopencv_ml.3.3.0.dylib in Frameworks */,
				C2431F8B1F3C3C6800190083 /* libopencv_features2d.3.3.0.dylib in Frameworks */,
				C2431F941F3C3C6800190083 /* libopencv_stitching.3.3.0.dylib in Frameworks */,
				C2431F921F3C3C6800190083 /* libopencv_photo.3.3.0.dylib in Frameworks */,
				C2431F981F3C3C6800190083 /* libopencv_videostab.3.3.0.dylib in Frameworks */,
				C2431F8D1F3C3C6800190083 /* libopencv_highgui.3.3.0.dylib in Frameworks */,
				C2431F8A1F3C3C6800190083 /* libopencv_dnn.3.3.0.dylib in Frameworks */,
				C2431F891F3C3C6800190083 /* libopencv_core.3.3.0.dylib in Frameworks */,
				C2431F8C1F3C3C6800190083 /* libopencv_flann.3.3.0.dylib in Frameworks */,
				C2431F881F3C3C6800190083 /* libopencv_calib3d.3.3.0.dylib in Frameworks */,
				C2431F971F3C3C6800190083 /* libopencv_videoio.3.3.0.dylib in Frameworks */,
			);
			runOnlyForDeploymentPostprocessing = 0;
		};
/* End PBXFrameworksBuildPhase section */

/* Begin PBXGroup section */
		C2431F761F3C3BC200190083 /* OpenCV */ = {
			isa = PBXGroup;
			children = (
				C2431F771F3C3C6800190083 /* libopencv_calib3d.3.3.0.dylib */,
				C2431F781F3C3C6800190083 /* libopencv_core.3.3.0.dylib */,
				C2431F791F3C3C6800190083 /* libopencv_dnn.3.3.0.dylib */,
				C2431F7A1F3C3C6800190083 /* libopencv_features2d.3.3.0.dylib */,
				C2431F7B1F3C3C6800190083 /* libopencv_flann.3.3.0.dylib */,
				C2431F7C1F3C3C6800190083 /* libopencv_highgui.3.3.0.dylib */,
				C2431F7D1F3C3C6800190083 /* libopencv_imgcodecs.3.3.0.dylib */,
				C2431F7E1F3C3C6800190083 /* libopencv_imgproc.3.3.0.dylib */,
				C2431F7F1F3C3C6800190083 /* libopencv_ml.3.3.0.dylib */,
				C2431F801F3C3C6800190083 /* libopencv_objdetect.3.3.0.dylib */,
				C2431F811F3C3C6800190083 /* libopencv_photo.3.3.0.dylib */,
				C2431F821F3C3C6800190083 /* libopencv_shape.3.3.0.dylib */,
				C2431F831F3C3C6800190083 /* libopencv_stitching.3.3.0.dylib */,
				C2431F841F3C3C6800190083 /* libopencv_superres.3.3.0.dylib */,
				C2431F851F3C3C6800190083 /* libopencv_video.3.3.0.dylib */,
				C2431F861F3C3C6800190083 /* libopencv_videoio.3.3.0.dylib */,
				C2431F871F3C3C6800190083 /* libopencv_videostab.3.3.0.dylib */,
			);
			name = OpenCV;
			sourceTree = "<group>";
		};
		C24A8AC71F0A6DB70051A026 /* EiTransformation */ = {
			isa = PBXGroup;
			children = (
				C24A8AC81F0A6DFE0051A026 /* Transform2D.cpp */,
				C24A8AC91F0A6DFE0051A026 /* Transform2D.hpp */,
				C2068A471F114CB000B6CB64 /* Transform3D.cpp */,
				C2068A481F114CB000B6CB64 /* Transform3D.hpp */,
			);
			name = EiTransformation;
			sourceTree = "<group>";
		};
		C24CDF051F07B62C005CE82E = {
			isa = PBXGroup;
			children = (
				C2431F761F3C3BC200190083 /* OpenCV */,
				C24CDF101F07B62C005CE82E /* EvililluminationRas */,
				C24CDF0F1F07B62C005CE82E /* Products */,
			);
			sourceTree = "<group>";
		};
		C24CDF0F1F07B62C005CE82E /* Products */ = {
			isa = PBXGroup;
			children = (
				C24CDF0E1F07B62C005CE82E /* EvililluminationRas */,
			);
			name = Products;
			sourceTree = "<group>";
		};
		C24CDF101F07B62C005CE82E /* EvililluminationRas */ = {
			isa = PBXGroup;
			children = (
				C2CEE4A81F3B4C9E00D4409E /* EiTexture2D */,
				C281885E1F190E3300C3F72F /* EiLight */,
				C24CDF1A1F07CCE4005CE82E /* Eimath */,
				C24A8AC71F0A6DB70051A026 /* EiTransformation */,
				C24CDF241F07CDBE005CE82E /* EiRas */,
				C24CDF1D1F07CD3C005CE82E /* Eiobject */,
				C24CDF111F07B62C005CE82E /* main.cpp */,
			);
			path = EvililluminationRas;
			sourceTree = "<group>";
		};
		C24CDF1A1F07CCE4005CE82E /* Eimath */ = {
			isa = PBXGroup;
			children = (
				C235B54A1F41ED9B00C44779 /* Eimath.cpp */,
				C235B54B1F41ED9B00C44779 /* Eimath.h */,
			);
			name = Eimath;
			sourceTree = "<group>";
		};
		C24CDF1D1F07CD3C005CE82E /* Eiobject */ = {
			isa = PBXGroup;
			children = (
				C235B5471F41D98E00C44779 /* Ei_triangel3D.cpp */,
				C235B5481F41D98E00C44779 /* Ei_triangel3D.hpp */,
				C24CDF1E1F07CD5C005CE82E /* Eiobject.cpp */,
				C24CDF1F1F07CD5C005CE82E /* Eiobject.hpp */,
				C24CDF251F07D02D005CE82E /* Ei_line.cpp */,
				C24CDF261F07D02D005CE82E /* Ei_line.hpp */,
				C20A01BD1F09287000C684CD /* Ei_triangel.cpp */,
				C20A01BE1F09287000C684CD /* Ei_triangel.hpp */,
			);
			name = Eiobject;
			sourceTree = "<group>";
		};
		C24CDF241F07CDBE005CE82E /* EiRas */ = {
			isa = PBXGroup;
			children = (
				C24CDF211F07CDB9005CE82E /* EiRas.cpp */,
				C24CDF221F07CDB9005CE82E /* EiRas.hpp */,
			);
			name = EiRas;
			sourceTree = "<group>";
		};
		C281885E1F190E3300C3F72F /* EiLight */ = {
			isa = PBXGroup;
			children = (
				C281885B1F190E2800C3F72F /* EiLight.cpp */,
				C281885C1F190E2800C3F72F /* EiLight.hpp */,
			);
			name = EiLight;
			sourceTree = "<group>";
		};
		C2CEE4A81F3B4C9E00D4409E /* EiTexture2D */ = {
			isa = PBXGroup;
			children = (
				C2CEE4A91F3B4CC500D4409E /* EiTexture2D.cpp */,
				C2CEE4AA1F3B4CC500D4409E /* EiTexture2D.hpp */,
			);
			name = EiTexture2D;
			sourceTree = "<group>";
		};
/* End PBXGroup section */

/* Begin PBXNativeTarget section */
		C24CDF0D1F07B62C005CE82E /* EvililluminationRas */ = {
			isa = PBXNativeTarget;
			buildConfigurationList = C24CDF151F07B62C005CE82E /* Build configuration list for PBXNativeTarget "EvililluminationRas" */;
			buildPhases = (
				C24CDF0A1F07B62C005CE82E /* Sources */,
				C24CDF0B1F07B62C005CE82E /* Frameworks */,
				C24CDF0C1F07B62C005CE82E /* CopyFiles */,
			);
			buildRules = (
			);
			dependencies = (
			);
			name = EvililluminationRas;
			productName = EvililluminationRas;
			productReference = C24CDF0E1F07B62C005CE82E /* EvililluminationRas */;
			productType = "com.apple.product-type.tool";
		};
/* End PBXNativeTarget section */

/* Begin PBXProject section */
		C24CDF061F07B62C005CE82E /* Project object */ = {
			isa = PBXProject;
			attributes = {
				LastUpgradeCheck = 0830;
				ORGANIZATIONNAME = Monster;
				TargetAttributes = {
					C24CDF0D1F07B62C005CE82E = {
						CreatedOnToolsVersion = 8.3.3;
						DevelopmentTeam = MUMVBPQN64;
						ProvisioningStyle = Automatic;
					};
				};
			};
			buildConfigurationList = C24CDF091F07B62C005CE82E /* Build configuration list for PBXProject "EvililluminationRas" */;
			compatibilityVersion = "Xcode 3.2";
			developmentRegion = English;
			hasScannedForEncodings = 0;
			knownRegions = (
				en,
			);
			mainGroup = C24CDF051F07B62C005CE82E;
			productRefGroup = C24CDF0F1F07B62C005CE82E /* Products */;
			projectDirPath = "";
			projectRoot = "";
			targets = (
				C24CDF0D1F07B62C005CE82E /* EvililluminationRas */,
			);
		};
/* End PBXProject section */

/* Begin PBXSourcesBuildPhase section */
		C24CDF0A1F07B62C005CE82E /* Sources */ = {
			isa = PBXSourcesBuildPhase;
			buildActionMask = 2147483647;
			files = (
				C24CDF201F07CD5C005CE82E /* Eiobject.cpp in Sources */,
				C24A8ACA1F0A6DFE0051A026 /* Transform2D.cpp in Sources */,
				C235B54C1F41ED9B00C44779 /* Eimath.cpp in Sources */,
				C2CEE4AB1F3B4CC500D4409E /* EiTexture2D.cpp in Sources */,
				C20A01BF1F09287000C684CD /* Ei_triangel.cpp in Sources */,
				C24CDF121F07B62C005CE82E /* main.cpp in Sources */,
				C281885D1F190E2800C3F72F /* EiLight.cpp in Sources */,
				C235B5491F41D98E00C44779 /* Ei_triangel3D.cpp in Sources */,
				C24CDF271F07D02D005CE82E /* Ei_line.cpp in Sources */,
				C24CDF231F07CDB9005CE82E /* EiRas.cpp in Sources */,
				C2068A491F114CB000B6CB64 /* Transform3D.cpp in Sources */,
			);
			runOnlyForDeploymentPostprocessing = 0;
		};
/* End PBXSourcesBuildPhase section */

/* Begin XCBuildConfiguration section */
		C24CDF131F07B62C005CE82E /* Debug */ = {
			isa = XCBuildConfiguration;
			buildSettings = {
				ALWAYS_SEARCH_USER_PATHS = NO;
				CLANG_ANALYZER_NONNULL = YES;
				CLANG_ANALYZER_NUMBER_OBJECT_CONVERSION = YES_AGGRESSIVE;
				CLANG_CXX_LANGUAGE_STANDARD = "gnu++0x";
				CLANG_CXX_LIBRARY = "libc++";
				CLANG_ENABLE_MODULES = YES;
				CLANG_ENABLE_OBJC_ARC = YES;
				CLANG_WARN_BOOL_CONVERSION = YES;
				CLANG_WARN_CONSTANT_CONVERSION = YES;
				CLANG_WARN_DIRECT_OBJC_ISA_USAGE = YES_ERROR;
				CLANG_WARN_DOCUMENTATION_COMMENTS = YES;
				CLANG_WARN_EMPTY_BODY = YES;
				CLANG_WARN_ENUM_CONVERSION = YES;
				CLANG_WARN_INFINITE_RECURSION = YES;
				CLANG_WARN_INT_CONVERSION = YES;
				CLANG_WARN_OBJC_ROOT_CLASS = YES_ERROR;
				CLANG_WARN_SUSPICIOUS_MOVE = YES;
				CLANG_WARN_UNREACHABLE_CODE = YES;
				CLANG_WARN__DUPLICATE_METHOD_MATCH = YES;
				CODE_SIGN_IDENTITY = "-";
				COPY_PHASE_STRIP = NO;
				DEBUG_INFORMATION_FORMAT = dwarf;
				ENABLE_STRICT_OBJC_MSGSEND = YES;
				ENABLE_TESTABILITY = YES;
				GCC_C_LANGUAGE_STANDARD = gnu99;
				GCC_DYNAMIC_NO_PIC = NO;
				GCC_NO_COMMON_BLOCKS = YES;
				GCC_OPTIMIZATION_LEVEL = 0;
				GCC_PREPROCESSOR_DEFINITIONS = (
					"DEBUG=1",
					"$(inherited)",
				);
				GCC_WARN_64_TO_32_BIT_CONVERSION = YES;
				GCC_WARN_ABOUT_RETURN_TYPE = YES_ERROR;
				GCC_WARN_UNDECLARED_SELECTOR = YES;
				GCC_WARN_UNINITIALIZED_AUTOS = YES_AGGRESSIVE;
				GCC_WARN_UNUSED_FUNCTION = YES;
				GCC_WARN_UNUSED_VARIABLE = YES;
				HEADER_SEARCH_PATHS = /usr/local/include;
				LIBRARY_SEARCH_PATHS = /usr/local/lib;
				MACOSX_DEPLOYMENT_TARGET = 10.12;
				MTL_ENABLE_DEBUG_INFO = YES;
				ONLY_ACTIVE_ARCH = YES;
				SDKROOT = macosx;
			};
			name = Debug;
		};
		C24CDF141F07B62C005CE82E /* Release */ = {
			isa = XCBuildConfiguration;
			buildSettings = {
				ALWAYS_SEARCH_USER_PATHS = NO;
				CLANG_ANALYZER_NONNULL = YES;
				CLANG_ANALYZER_NUMBER_OBJECT_CONVERSION = YES_AGGRESSIVE;
				CLANG_CXX_LANGUAGE_STANDARD = "gnu++0x";
				CLANG_CXX_LIBRARY = "libc++";
				CLANG_ENABLE_MODULES = YES;
				CLANG_ENABLE_OBJC_ARC = YES;
				CLANG_WARN_BOOL_CONVERSION = YES;
				CLANG_WARN_CONSTANT_CONVERSION = YES;
				CLANG_WARN_DIRECT_OBJC_ISA_USAGE = YES_ERROR;
				CLANG_WARN_DOCUMENTATION_COMMENTS = YES;
				CLANG_WARN_EMPTY_BODY = YES;
				CLANG_WARN_ENUM_CONVERSION = YES;
				CLANG_WARN_INFINITE_RECURSION = YES;
				CLANG_WARN_INT_CONVERSION = YES;
				CLANG_WARN_OBJC_ROOT_CLASS = YES_ERROR;
				CLANG_WARN_SUSPICIOUS_MOVE = YES;
				CLANG_WARN_UNREACHABLE_CODE = YES;
				CLANG_WARN__DUPLICATE_METHOD_MATCH = YES;
				CODE_SIGN_IDENTITY = "-";
				COPY_PHASE_STRIP = NO;
				DEBUG_INFORMATION_FORMAT = "dwarf-with-dsym";
				ENABLE_NS_ASSERTIONS = NO;
				ENABLE_STRICT_OBJC_MSGSEND = YES;
				GCC_C_LANGUAGE_STANDARD = gnu99;
				GCC_NO_COMMON_BLOCKS = YES;
				GCC_WARN_64_TO_32_BIT_CONVERSION = YES;
				GCC_WARN_ABOUT_RETURN_TYPE = YES_ERROR;
				GCC_WARN_UNDECLARED_SELECTOR = YES;
				GCC_WARN_UNINITIALIZED_AUTOS = YES_AGGRESSIVE;
				GCC_WARN_UNUSED_FUNCTION = YES;
				GCC_WARN_UNUSED_VARIABLE = YES;
				HEADER_SEARCH_PATHS = /usr/local/include;
				LIBRARY_SEARCH_PATHS = /usr/local/lib;
				MACOSX_DEPLOYMENT_TARGET = 10.12;
				MTL_ENABLE_DEBUG_INFO = NO;
				SDKROOT = macosx;
			};
			name = Release;
		};
		C24CDF161F07B62C005CE82E /* Debug */ = {
			isa = XCBuildConfiguration;
			buildSettings = {
				DEVELOPMENT_TEAM = MUMVBPQN64;
				PRODUCT_NAME = "$(TARGET_NAME)";
			};
			name = Debug;
		};
		C24CDF171F07B62C005CE82E /* Release */ = {
			isa = XCBuildConfiguration;
			buildSettings = {
				DEVELOPMENT_TEAM = MUMVBPQN64;
				PRODUCT_NAME = "$(TARGET_NAME)";
			};
			name = Release;
		};
/* End XCBuildConfiguration section */

/* Begin XCConfigurationList section */
		C24CDF091F07B62C005CE82E /* Build configuration list for PBXProject "EvililluminationRas" */ = {
			isa = XCConfigurationList;
			buildConfigurations = (
				C24CDF131F07B62C005CE82E /* Debug */,
				C24CDF141F07B62C005CE82E /* Release */,
			);
			defaultConfigurationIsVisible = 0;
			defaultConfigurationName = Release;
		};
		C24CDF151F07B62C005CE82E /* Build configuration list for PBXNativeTarget "EvililluminationRas" */ = {
			isa = XCConfigurationList;
			buildConfigurations = (
				C24CDF161F07B62C005CE82E /* Debug */,
				C24CDF171F07B62C005CE82E /* Release */,
			);
			defaultConfigurationIsVisible = 0;
			defaultConfigurationName = Release;
		};
/* End XCConfigurationList section */
	};
	rootObject = C24CDF061F07B62C005CE82E /* Project object */;
}
